// !$*UTF8*$!
{
	archiveVersion = 1;
	classes = {
	};
	objectVersion = 50;
	objects = {

/* Begin PBXBuildFile section */
		57B4D8938F0B45677EDBAE9D /* Pods_Smack2.framework in Frameworks */ = {isa = PBXBuildFile; fileRef = 127061BB1E2C82F06F60932E /* Pods_Smack2.framework */; };
		84274FE7210AE5D90074AAF1 /* SWRevealViewController.m in Sources */ = {isa = PBXBuildFile; fileRef = 84274FE6210AE5D30074AAF1 /* SWRevealViewController.m */; };
		84274FEC210AE9400074AAF1 /* ChatVC.swift in Sources */ = {isa = PBXBuildFile; fileRef = 84274FEB210AE9400074AAF1 /* ChatVC.swift */; };
		84274FEE210AE9590074AAF1 /* ChannelVC.swift in Sources */ = {isa = PBXBuildFile; fileRef = 84274FED210AE9590074AAF1 /* ChannelVC.swift */; };
		84274FF0210B34FA0074AAF1 /* GradientiView.swift in Sources */ = {isa = PBXBuildFile; fileRef = 84274FEF210B34FA0074AAF1 /* GradientiView.swift */; };
		84274FF3210FFB670074AAF1 /* constants.swift in Sources */ = {isa = PBXBuildFile; fileRef = 84274FF2210FFB670074AAF1 /* constants.swift */; };
		84274FF521101E590074AAF1 /* LoginVC.swift in Sources */ = {isa = PBXBuildFile; fileRef = 84274FF421101E590074AAF1 /* LoginVC.swift */; };
		84274FF7211022CD0074AAF1 /* CreateAccountVC.swift in Sources */ = {isa = PBXBuildFile; fileRef = 84274FF6211022CD0074AAF1 /* CreateAccountVC.swift */; };
		8482BA29210ADA0E005741B5 /* AppDelegate.swift in Sources */ = {isa = PBXBuildFile; fileRef = 8482BA28210ADA0E005741B5 /* AppDelegate.swift */; };
		8482BA2E210ADA0E005741B5 /* Main.storyboard in Resources */ = {isa = PBXBuildFile; fileRef = 8482BA2C210ADA0E005741B5 /* Main.storyboard */; };
		8482BA30210ADA10005741B5 /* Assets.xcassets in Resources */ = {isa = PBXBuildFile; fileRef = 8482BA2F210ADA10005741B5 /* Assets.xcassets */; };
		8482BA33210ADA10005741B5 /* LaunchScreen.storyboard in Resources */ = {isa = PBXBuildFile; fileRef = 8482BA31210ADA10005741B5 /* LaunchScreen.storyboard */; };
/* End PBXBuildFile section */

/* Begin PBXFileReference section */
		127061BB1E2C82F06F60932E /* Pods_Smack2.framework */ = {isa = PBXFileReference; explicitFileType = wrapper.framework; includeInIndex = 0; path = Pods_Smack2.framework; sourceTree = BUILT_PRODUCTS_DIR; };
		84274FE4210AE5C10074AAF1 /* Smack2-Bridging-Header.h */ = {isa = PBXFileReference; lastKnownFileType = sourcecode.c.h; path = "Smack2-Bridging-Header.h"; sourceTree = "<group>"; };
		84274FE5210AE5C70074AAF1 /* SWRevealViewController.h */ = {isa = PBXFileReference; fileEncoding = 4; lastKnownFileType = sourcecode.c.h; path = SWRevealViewController.h; sourceTree = "<group>"; };
		84274FE6210AE5D30074AAF1 /* SWRevealViewController.m */ = {isa = PBXFileReference; fileEncoding = 4; lastKnownFileType = sourcecode.c.objc; path = SWRevealViewController.m; sourceTree = "<group>"; };
		84274FEB210AE9400074AAF1 /* ChatVC.swift */ = {isa = PBXFileReference; lastKnownFileType = sourcecode.swift; path = ChatVC.swift; sourceTree = "<group>"; };
		84274FED210AE9590074AAF1 /* ChannelVC.swift */ = {isa = PBXFileReference; lastKnownFileType = sourcecode.swift; path = ChannelVC.swift; sourceTree = "<group>"; };
		84274FEF210B34FA0074AAF1 /* GradientiView.swift */ = {isa = PBXFileReference; lastKnownFileType = sourcecode.swift; path = GradientiView.swift; sourceTree = "<group>"; };
		84274FF2210FFB670074AAF1 /* constants.swift */ = {isa = PBXFileReference; lastKnownFileType = sourcecode.swift; path = constants.swift; sourceTree = "<group>"; };
		84274FF421101E590074AAF1 /* LoginVC.swift */ = {isa = PBXFileReference; lastKnownFileType = sourcecode.swift; path = LoginVC.swift; sourceTree = "<group>"; };
		84274FF6211022CD0074AAF1 /* CreateAccountVC.swift */ = {isa = PBXFileReference; lastKnownFileType = sourcecode.swift; path = CreateAccountVC.swift; sourceTree = "<group>"; };
		8482BA25210ADA0E005741B5 /* Smack2.app */ = {isa = PBXFileReference; explicitFileType = wrapper.application; includeInIndex = 0; path = Smack2.app; sourceTree = BUILT_PRODUCTS_DIR; };
		8482BA28210ADA0E005741B5 /* AppDelegate.swift */ = {isa = PBXFileReference; lastKnownFileType = sourcecode.swift; path = AppDelegate.swift; sourceTree = "<group>"; };
		8482BA2D210ADA0E005741B5 /* Base */ = {isa = PBXFileReference; lastKnownFileType = file.storyboard; name = Base; path = Base.lproj/Main.storyboard; sourceTree = "<group>"; };
		8482BA2F210ADA10005741B5 /* Assets.xcassets */ = {isa = PBXFileReference; lastKnownFileType = folder.assetcatalog; path = Assets.xcassets; sourceTree = "<group>"; };
		8482BA32210ADA10005741B5 /* Base */ = {isa = PBXFileReference; lastKnownFileType = file.storyboard; name = Base; path = Base.lproj/LaunchScreen.storyboard; sourceTree = "<group>"; };
		8482BA34210ADA10005741B5 /* Info.plist */ = {isa = PBXFileReference; lastKnownFileType = text.plist.xml; path = Info.plist; sourceTree = "<group>"; };
		C7875375DF4E820B96D98AF5 /* Pods-Smack2.release.xcconfig */ = {isa = PBXFileReference; includeInIndex = 1; lastKnownFileType = text.xcconfig; name = "Pods-Smack2.release.xcconfig"; path = "Pods/Target Support Files/Pods-Smack2/Pods-Smack2.release.xcconfig"; sourceTree = "<group>"; };
		EB9533EC497B0992CB522E71 /* Pods-Smack2.debug.xcconfig */ = {isa = PBXFileReference; includeInIndex = 1; lastKnownFileType = text.xcconfig; name = "Pods-Smack2.debug.xcconfig"; path = "Pods/Target Support Files/Pods-Smack2/Pods-Smack2.debug.xcconfig"; sourceTree = "<group>"; };
/* End PBXFileReference section */

/* Begin PBXFrameworksBuildPhase section */
		8482BA22210ADA0D005741B5 /* Frameworks */ = {
			isa = PBXFrameworksBuildPhase;
			buildActionMask = 2147483647;
			files = (
				57B4D8938F0B45677EDBAE9D /* Pods_Smack2.framework in Frameworks */,
			);
			runOnlyForDeploymentPostprocessing = 0;
		};
/* End PBXFrameworksBuildPhase section */

/* Begin PBXGroup section */
		1FEDE1D9D3E1B5894296710C /* Frameworks */ = {
			isa = PBXGroup;
			children = (
				127061BB1E2C82F06F60932E /* Pods_Smack2.framework */,
			);
			name = Frameworks;
			sourceTree = "<group>";
		};
		84274FE3210AE55F0074AAF1 /* Supporting Files */ = {
			isa = PBXGroup;
			children = (
				84274FE5210AE5C70074AAF1 /* SWRevealViewController.h */,
				84274FE6210AE5D30074AAF1 /* SWRevealViewController.m */,
				84274FE4210AE5C10074AAF1 /* Smack2-Bridging-Header.h */,
			);
			path = "Supporting Files";
			sourceTree = "<group>";
		};
		84274FE8210AE8D70074AAF1 /* Controller */ = {
			isa = PBXGroup;
			children = (
				84274FEB210AE9400074AAF1 /* ChatVC.swift */,
				84274FED210AE9590074AAF1 /* ChannelVC.swift */,
				84274FF421101E590074AAF1 /* LoginVC.swift */,
				84274FF6211022CD0074AAF1 /* CreateAccountVC.swift */,
			);
			path = Controller;
			sourceTree = "<group>";
		};
		84274FE9210AE8E40074AAF1 /* View */ = {
			isa = PBXGroup;
			children = (
				84274FEF210B34FA0074AAF1 /* GradientiView.swift */,
			);
			path = View;
			sourceTree = "<group>";
		};
		84274FEA210AE8E90074AAF1 /* Model */ = {
			isa = PBXGroup;
			children = (
			);
			path = Model;
			sourceTree = "<group>";
		};
		84274FF1210FFB210074AAF1 /* Utilites */ = {
			isa = PBXGroup;
			children = (
				84274FF2210FFB670074AAF1 /* constants.swift */,
			);
			path = Utilites;
			sourceTree = "<group>";
		};
		8482BA1C210ADA0D005741B5 = {
			isa = PBXGroup;
			children = (
				8482BA27210ADA0E005741B5 /* Smack2 */,
				8482BA26210ADA0E005741B5 /* Products */,
				9FA214652BB96B4A868DDA67 /* Pods */,
				1FEDE1D9D3E1B5894296710C /* Frameworks */,
			);
			sourceTree = "<group>";
		};
		8482BA26210ADA0E005741B5 /* Products */ = {
			isa = PBXGroup;
			children = (
				8482BA25210ADA0E005741B5 /* Smack2.app */,
			);
			name = Products;
			sourceTree = "<group>";
		};
		8482BA27210ADA0E005741B5 /* Smack2 */ = {
			isa = PBXGroup;
			children = (
				84274FF1210FFB210074AAF1 /* Utilites */,
				84274FEA210AE8E90074AAF1 /* Model */,
				84274FE9210AE8E40074AAF1 /* View */,
				84274FE8210AE8D70074AAF1 /* Controller */,
				84274FE3210AE55F0074AAF1 /* Supporting Files */,
				8482BA28210ADA0E005741B5 /* AppDelegate.swift */,
				8482BA2C210ADA0E005741B5 /* Main.storyboard */,
				8482BA2F210ADA10005741B5 /* Assets.xcassets */,
				8482BA31210ADA10005741B5 /* LaunchScreen.storyboard */,
				8482BA34210ADA10005741B5 /* Info.plist */,
			);
			path = Smack2;
			sourceTree = "<group>";
		};
		9FA214652BB96B4A868DDA67 /* Pods */ = {
			isa = PBXGroup;
			children = (
				EB9533EC497B0992CB522E71 /* Pods-Smack2.debug.xcconfig */,
				C7875375DF4E820B96D98AF5 /* Pods-Smack2.release.xcconfig */,
			);
			name = Pods;
			sourceTree = "<group>";
		};
/* End PBXGroup section */

/* Begin PBXNativeTarget section */
		8482BA24210ADA0D005741B5 /* Smack2 */ = {
			isa = PBXNativeTarget;
			buildConfigurationList = 8482BA37210ADA10005741B5 /* Build configuration list for PBXNativeTarget "Smack2" */;
			buildPhases = (
				A4338ED762EAA6CB0218F313 /* [CP] Check Pods Manifest.lock */,
				8482BA21210ADA0D005741B5 /* Sources */,
				8482BA22210ADA0D005741B5 /* Frameworks */,
				8482BA23210ADA0D005741B5 /* Resources */,
				D7EFB2E9238562CD7B7C97C6 /* [CP] Embed Pods Frameworks */,
			);
			buildRules = (
			);
			dependencies = (
			);
			name = Smack2;
			productName = Smack2;
			productReference = 8482BA25210ADA0E005741B5 /* Smack2.app */;
			productType = "com.apple.product-type.application";
		};
/* End PBXNativeTarget section */

/* Begin PBXProject section */
		8482BA1D210ADA0D005741B5 /* Project object */ = {
			isa = PBXProject;
			attributes = {
				LastSwiftUpdateCheck = 0940;
				LastUpgradeCheck = 0940;
				ORGANIZATIONNAME = keiit;
				TargetAttributes = {
					8482BA24210ADA0D005741B5 = {
						CreatedOnToolsVersion = 9.4.1;
						LastSwiftMigration = 0940;
					};
				};
			};
			buildConfigurationList = 8482BA20210ADA0D005741B5 /* Build configuration list for PBXProject "Smack2" */;
			compatibilityVersion = "Xcode 9.3";
			developmentRegion = en;
			hasScannedForEncodings = 0;
			knownRegions = (
				en,
				Base,
			);
			mainGroup = 8482BA1C210ADA0D005741B5;
			productRefGroup = 8482BA26210ADA0E005741B5 /* Products */;
			projectDirPath = "";
			projectRoot = "";
			targets = (
				8482BA24210ADA0D005741B5 /* Smack2 */,
			);
		};
/* End PBXProject section */

/* Begin PBXResourcesBuildPhase section */
		8482BA23210ADA0D005741B5 /* Resources */ = {
			isa = PBXResourcesBuildPhase;
			buildActionMask = 2147483647;
			files = (
				8482BA33210ADA10005741B5 /* LaunchScreen.storyboard in Resources */,
				8482BA30210ADA10005741B5 /* Assets.xcassets in Resources */,
				8482BA2E210ADA0E005741B5 /* Main.storyboard in Resources */,
			);
			runOnlyForDeploymentPostprocessing = 0;
		};
/* End PBXResourcesBuildPhase section */

/* Begin PBXShellScriptBuildPhase section */
		A4338ED762EAA6CB0218F313 /* [CP] Check Pods Manifest.lock */ = {
			isa = PBXShellScriptBuildPhase;
			buildActionMask = 2147483647;
			files = (
			);
			inputPaths = (
				"${PODS_PODFILE_DIR_PATH}/Podfile.lock",
				"${PODS_ROOT}/Manifest.lock",
			);
			name = "[CP] Check Pods Manifest.lock";
			outputPaths = (
				"$(DERIVED_FILE_DIR)/Pods-Smack2-checkManifestLockResult.txt",
			);
			runOnlyForDeploymentPostprocessing = 0;
			shellPath = /bin/sh;
			shellScript = "diff \"${PODS_PODFILE_DIR_PATH}/Podfile.lock\" \"${PODS_ROOT}/Manifest.lock\" > /dev/null\nif [ $? != 0 ] ; then\n    # print error to STDERR\n    echo \"error: The sandbox is not in sync with the Podfile.lock. Run 'pod install' or update your CocoaPods installation.\" >&2\n    exit 1\nfi\n# This output is used by Xcode 'outputs' to avoid re-running this script phase.\necho \"SUCCESS\" > \"${SCRIPT_OUTPUT_FILE_0}\"\n";
			showEnvVarsInLog = 0;
		};
		D7EFB2E9238562CD7B7C97C6 /* [CP] Embed Pods Frameworks */ = {
			isa = PBXShellScriptBuildPhase;
			buildActionMask = 2147483647;
			files = (
			);
			inputPaths = (
				"${SRCROOT}/Pods/Target Support Files/Pods-Smack2/Pods-Smack2-frameworks.sh",
				"${BUILT_PRODUCTS_DIR}/Alamofire/Alamofire.framework",
				"${BUILT_PRODUCTS_DIR}/Socket.IO-Client-Swift/SocketIO.framework",
				"${BUILT_PRODUCTS_DIR}/Starscream/Starscream.framework",
				"${BUILT_PRODUCTS_DIR}/SwiftyJSON/SwiftyJSON.framework",
			);
			name = "[CP] Embed Pods Frameworks";
			outputPaths = (
				"${TARGET_BUILD_DIR}/${FRAMEWORKS_FOLDER_PATH}/Alamofire.framework",
				"${TARGET_BUILD_DIR}/${FRAMEWORKS_FOLDER_PATH}/SocketIO.framework",
				"${TARGET_BUILD_DIR}/${FRAMEWORKS_FOLDER_PATH}/Starscream.framework",
				"${TARGET_BUILD_DIR}/${FRAMEWORKS_FOLDER_PATH}/SwiftyJSON.framework",
			);
			runOnlyForDeploymentPostprocessing = 0;
			shellPath = /bin/sh;
			shellScript = "\"${SRCROOT}/Pods/Target Support Files/Pods-Smack2/Pods-Smack2-frameworks.sh\"\n";
			showEnvVarsInLog = 0;
		};
/* End PBXShellScriptBuildPhase section */

/* Begin PBXSourcesBuildPhase section */
		8482BA21210ADA0D005741B5 /* Sources */ = {
			isa = PBXSourcesBuildPhase;
			buildActionMask = 2147483647;
			files = (
				84274FEE210AE9590074AAF1 /* ChannelVC.swift in Sources */,
				84274FEC210AE9400074AAF1 /* ChatVC.swift in Sources */,
				84274FF7211022CD0074AAF1 /* CreateAccountVC.swift in Sources */,
				84274FF521101E590074AAF1 /* LoginVC.swift in Sources */,
				8482BA29210ADA0E005741B5 /* AppDelegate.swift in Sources */,
				84274FE7210AE5D90074AAF1 /* SWRevealViewController.m in Sources */,
				84274FF0210B34FA0074AAF1 /* GradientiView.swift in Sources */,
				84274FF3210FFB670074AAF1 /* constants.swift in Sources */,
			);
			runOnlyForDeploymentPostprocessing = 0;
		};
/* End PBXSourcesBuildPhase section */

/* Begin PBXVariantGroup section */
		8482BA2C210ADA0E005741B5 /* Main.storyboard */ = {
			isa = PBXVariantGroup;
			children = (
				8482BA2D210ADA0E005741B5 /* Base */,
			);
			name = Main.storyboard;
			sourceTree = "<group>";
		};
		8482BA31210ADA10005741B5 /* LaunchScreen.storyboard */ = {
			isa = PBXVariantGroup;
			children = (
				8482BA32210ADA10005741B5 /* Base */,
			);
			name = LaunchScreen.storyboard;
			sourceTree = "<group>";
		};
/* End PBXVariantGroup section */

/* Begin XCBuildConfiguration section */
		8482BA35210ADA10005741B5 /* Debug */ = {
			isa = XCBuildConfiguration;
			buildSettings = {
				ALWAYS_SEARCH_USER_PATHS = NO;
				CLANG_ANALYZER_NONNULL = YES;
				CLANG_ANALYZER_NUMBER_OBJECT_CONVERSION = YES_AGGRESSIVE;
				CLANG_CXX_LANGUAGE_STANDARD = "gnu++14";
				CLANG_CXX_LIBRARY = "libc++";
				CLANG_ENABLE_MODULES = YES;
				CLANG_ENABLE_OBJC_ARC = YES;
				CLANG_ENABLE_OBJC_WEAK = YES;
				CLANG_WARN_BLOCK_CAPTURE_AUTORELEASING = YES;
				CLANG_WARN_BOOL_CONVERSION = YES;
				CLANG_WARN_COMMA = YES;
				CLANG_WARN_CONSTANT_CONVERSION = YES;
				CLANG_WARN_DEPRECATED_OBJC_IMPLEMENTATIONS = YES;
				CLANG_WARN_DIRECT_OBJC_ISA_USAGE = YES_ERROR;
				CLANG_WARN_DOCUMENTATION_COMMENTS = YES;
				CLANG_WARN_EMPTY_BODY = YES;
				CLANG_WARN_ENUM_CONVERSION = YES;
				CLANG_WARN_INFINITE_RECURSION = YES;
				CLANG_WARN_INT_CONVERSION = YES;
				CLANG_WARN_NON_LITERAL_NULL_CONVERSION = YES;
				CLANG_WARN_OBJC_IMPLICIT_RETAIN_SELF = YES;
				CLANG_WARN_OBJC_LITERAL_CONVERSION = YES;
				CLANG_WARN_OBJC_ROOT_CLASS = YES_ERROR;
				CLANG_WARN_RANGE_LOOP_ANALYSIS = YES;
				CLANG_WARN_STRICT_PROTOTYPES = YES;
				CLANG_WARN_SUSPICIOUS_MOVE = YES;
				CLANG_WARN_UNGUARDED_AVAILABILITY = YES_AGGRESSIVE;
				CLANG_WARN_UNREACHABLE_CODE = YES;
				CLANG_WARN__DUPLICATE_METHOD_MATCH = YES;
				CODE_SIGN_IDENTITY = "iPhone Developer";
				COPY_PHASE_STRIP = NO;
				DEBUG_INFORMATION_FORMAT = dwarf;
				ENABLE_STRICT_OBJC_MSGSEND = YES;
				ENABLE_TESTABILITY = YES;
				GCC_C_LANGUAGE_STANDARD = gnu11;
				GCC_DYNAMIC_NO_PIC = NO;
				GCC_NO_COMMON_BLOCKS = YES;
				GCC_OPTIMIZATION_LEVEL = 0;
				GCC_PREPROCESSOR_DEFINITIONS = (
					"DEBUG=1",
					"$(inherited)",
				);
				GCC_WARN_64_TO_32_BIT_CONVERSION = YES;
				GCC_WARN_ABOUT_RETURN_TYPE = YES_ERROR;
				GCC_WARN_UNDECLARED_SELECTOR = YES;
				GCC_WARN_UNINITIALIZED_AUTOS = YES_AGGRESSIVE;
				GCC_WARN_UNUSED_FUNCTION = YES;
				GCC_WARN_UNUSED_VARIABLE = YES;
				IPHONEOS_DEPLOYMENT_TARGET = 11.4;
				MTL_ENABLE_DEBUG_INFO = YES;
				ONLY_ACTIVE_ARCH = YES;
				SDKROOT = iphoneos;
				SWIFT_ACTIVE_COMPILATION_CONDITIONS = DEBUG;
				SWIFT_OPTIMIZATION_LEVEL = "-Onone";
			};
			name = Debug;
		};
		8482BA36210ADA10005741B5 /* Release */ = {
			isa = XCBuildConfiguration;
			buildSettings = {
				ALWAYS_SEARCH_USER_PATHS = NO;
				CLANG_ANALYZER_NONNULL = YES;
				CLANG_ANALYZER_NUMBER_OBJECT_CONVERSION = YES_AGGRESSIVE;
				CLANG_CXX_LANGUAGE_STANDARD = "gnu++14";
				CLANG_CXX_LIBRARY = "libc++";
				CLANG_ENABLE_MODULES = YES;
				CLANG_ENABLE_OBJC_ARC = YES;
				CLANG_ENABLE_OBJC_WEAK = YES;
				CLANG_WARN_BLOCK_CAPTURE_AUTORELEASING = YES;
				CLANG_WARN_BOOL_CONVERSION = YES;
				CLANG_WARN_COMMA = YES;
				CLANG_WARN_CONSTANT_CONVERSION = YES;
				CLANG_WARN_DEPRECATED_OBJC_IMPLEMENTATIONS = YES;
				CLANG_WARN_DIRECT_OBJC_ISA_USAGE = YES_ERROR;
				CLANG_WARN_DOCUMENTATION_COMMENTS = YES;
				CLANG_WARN_EMPTY_BODY = YES;
				CLANG_WARN_ENUM_CONVERSION = YES;
				CLANG_WARN_INFINITE_RECURSION = YES;
				CLANG_WARN_INT_CONVERSION = YES;
				CLANG_WARN_NON_LITERAL_NULL_CONVERSION = YES;
				CLANG_WARN_OBJC_IMPLICIT_RETAIN_SELF = YES;
				CLANG_WARN_OBJC_LITERAL_CONVERSION = YES;
				CLANG_WARN_OBJC_ROOT_CLASS = YES_ERROR;
				CLANG_WARN_RANGE_LOOP_ANALYSIS = YES;
				CLANG_WARN_STRICT_PROTOTYPES = YES;
				CLANG_WARN_SUSPICIOUS_MOVE = YES;
				CLANG_WARN_UNGUARDED_AVAILABILITY = YES_AGGRESSIVE;
				CLANG_WARN_UNREACHABLE_CODE = YES;
				CLANG_WARN__DUPLICATE_METHOD_MATCH = YES;
				CODE_SIGN_IDENTITY = "iPhone Developer";
				COPY_PHASE_STRIP = NO;
				DEBUG_INFORMATION_FORMAT = "dwarf-with-dsym";
				ENABLE_NS_ASSERTIONS = NO;
				ENABLE_STRICT_OBJC_MSGSEND = YES;
				GCC_C_LANGUAGE_STANDARD = gnu11;
				GCC_NO_COMMON_BLOCKS = YES;
				GCC_WARN_64_TO_32_BIT_CONVERSION = YES;
				GCC_WARN_ABOUT_RETURN_TYPE = YES_ERROR;
				GCC_WARN_UNDECLARED_SELECTOR = YES;
				GCC_WARN_UNINITIALIZED_AUTOS = YES_AGGRESSIVE;
				GCC_WARN_UNUSED_FUNCTION = YES;
				GCC_WARN_UNUSED_VARIABLE = YES;
				IPHONEOS_DEPLOYMENT_TARGET = 11.4;
				MTL_ENABLE_DEBUG_INFO = NO;
				SDKROOT = iphoneos;
				SWIFT_COMPILATION_MODE = wholemodule;
				SWIFT_OPTIMIZATION_LEVEL = "-O";
				VALIDATE_PRODUCT = YES;
			};
			name = Release;
		};
		8482BA38210ADA10005741B5 /* Debug */ = {
			isa = XCBuildConfiguration;
			baseConfigurationReference = EB9533EC497B0992CB522E71 /* Pods-Smack2.debug.xcconfig */;
			buildSettings = {
				ASSETCATALOG_COMPILER_APPICON_NAME = AppIcon;
				CLANG_ENABLE_MODULES = YES;
				CODE_SIGN_STYLE = Automatic;
				DEVELOPMENT_TEAM = 57G6MF4246;
				INFOPLIST_FILE = Smack2/Info.plist;
				LD_RUNPATH_SEARCH_PATHS = (
					"$(inherited)",
					"@executable_path/Frameworks",
				);
				PRODUCT_BUNDLE_IDENTIFIER = keyit.Smack2;
				PRODUCT_NAME = "$(TARGET_NAME)";
				SWIFT_OBJC_BRIDGING_HEADER = "Smack2/Supporting Files/Smack2-Bridging-Header.h";
				SWIFT_OPTIMIZATION_LEVEL = "-Onone";
				SWIFT_VERSION = 4.0;
				TARGETED_DEVICE_FAMILY = "1,2";
			};
			name = Debug;
		};
		8482BA39210ADA10005741B5 /* Release */ = {
			isa = XCBuildConfiguration;
			baseConfigurationReference = C7875375DF4E820B96D98AF5 /* Pods-Smack2.release.xcconfig */;
			buildSettings = {
				ASSETCATALOG_COMPILER_APPICON_NAME = AppIcon;
				CLANG_ENABLE_MODULES = YES;
				CODE_SIGN_STYLE = Automatic;
				DEVELOPMENT_TEAM = 57G6MF4246;
				INFOPLIST_FILE = Smack2/Info.plist;
				LD_RUNPATH_SEARCH_PATHS = (
					"$(inherited)",
					"@executable_path/Frameworks",
				);
				PRODUCT_BUNDLE_IDENTIFIER = keyit.Smack2;
				PRODUCT_NAME = "$(TARGET_NAME)";
				SWIFT_OBJC_BRIDGING_HEADER = "Smack2/Supporting Files/Smack2-Bridging-Header.h";
				SWIFT_VERSION = 4.0;
				TARGETED_DEVICE_FAMILY = "1,2";
			};
			name = Release;
		};
/* End XCBuildConfiguration section */

/* Begin XCConfigurationList section */
		8482BA20210ADA0D005741B5 /* Build configuration list for PBXProject "Smack2" */ = {
			isa = XCConfigurationList;
			buildConfigurations = (
				8482BA35210ADA10005741B5 /* Debug */,
				8482BA36210ADA10005741B5 /* Release */,
			);
			defaultConfigurationIsVisible = 0;
			defaultConfigurationName = Release;
		};
		8482BA37210ADA10005741B5 /* Build configuration list for PBXNativeTarget "Smack2" */ = {
			isa = XCConfigurationList;
			buildConfigurations = (
				8482BA38210ADA10005741B5 /* Debug */,
				8482BA39210ADA10005741B5 /* Release */,
			);
			defaultConfigurationIsVisible = 0;
			defaultConfigurationName = Release;
		};
/* End XCConfigurationList section */
	};
	rootObject = 8482BA1D210ADA0D005741B5 /* Project object */;
}
